<?xml version="1.0" encoding="UTF-8" standalone="yes" ?>
<CodeBlocks_project_file>
	<FileVersion major="1" minor="6" />
	<Project>
		<Option title="Z@xxonClone" />
		<Option pch_mode="2" />
		<Option compiler="gcc" />
		<Build>
			<Target title="Debug">
				<Option output="Z@xxonClone" prefix_auto="1" extension_auto="1" />
				<Option working_dir=".\bin" />
				<Option object_output="obj\Debug\" />
				<Option type="1" />
				<Option compiler="gcc" />
				<Compiler>
					<Add option="-g" />
				</Compiler>
			</Target>
			<Target title="Release">
				<Option output="Z@xxonClone" prefix_auto="1" extension_auto="1" />
				<Option object_output="obj\Release\" />
				<Option type="0" />
				<Option compiler="gcc" />
				<Compiler>
					<Add option="-O2" />
				</Compiler>
				<Linker>
					<Add option="-s" />
				</Linker>
			</Target>
		</Build>
		<Compiler>
			<Add option="-Wall" />
			<Add option="-DCODEBLOCKS" />
			<Add directory="." />
			<Add directory="lib" />
		</Compiler>
		<Linker>
			<Add library="opengl32" />
			<Add library="glu32" />
			<Add library="gdi32" />
			<Add library="lib\al\OpenAL32.lib" />
		</Linker>
		<Unit filename="const.h" />
		<Unit filename="g_main.c">
			<Option compilerVar="CC" />
		</Unit>
		<Unit filename="g_main.h" />
		<Unit filename="lib\al\alutBufferData.c">
			<Option compilerVar="CC" />
		</Unit>
		<Unit filename="lib\al\alutCodec.c">
			<Option compilerVar="CC" />
		</Unit>
		<Unit filename="lib\al\alutError.c">
			<Option compilerVar="CC" />
		</Unit>
		<Unit filename="lib\al\alutInit.c">
			<Option compilerVar="CC" />
		</Unit>
		<Unit filename="lib\al\alutInputStream.c">
			<Option compilerVar="CC" />
		</Unit>
		<Unit filename="lib\al\alutLoader.c">
			<Option compilerVar="CC" />
		</Unit>
		<Unit filename="lib\al\alutOutputStream.c">
			<Option compilerVar="CC" />
		</Unit>
		<Unit filename="lib\al\alutUtil.c">
			<Option compilerVar="CC" />
		</Unit>
		<Unit filename="lib\al\alutVersion.c">
			<Option compilerVar="CC" />
		</Unit>
		<Unit filename="lib\l_module.c">
			<Option compilerVar="CC" />
		</Unit>
		<Unit filename="lib\l_module.h" />
		<Unit filename="lib\l_openAL.c">
			<Option compilerVar="CC" />
		</Unit>
		<Unit filename="lib\l_openGL.c">
			<Option compilerVar="CC" />
		</Unit>
		<Unit filename="lib\stb\stb_image.c">
			<Option compilerVar="CC" />
		</Unit>
		<Unit filename="lib\stb\stb_image.h" />
		<Unit filename="os\win\win_main.c">
			<Option compilerVar="CC" />
		</Unit>
		<Extensions>
			<code_completion />
			<envvars />
			<debugger />
			<lib_finder disable_auto="1" />
		</Extensions>
	</Project>
</CodeBlocks_project_file>
