<?xml version="1.0" encoding="UTF-8" standalone="yes" ?>
<CodeBlocks_project_file>
	<FileVersion major="1" minor="6" />
	<Project>
		<Option title="PacManClone" />
		<Option pch_mode="2" />
		<Option compiler="gcc" />
		<Option virtualFolders="Libraries\;Game\;Libraries\openAL\;" />
		<Build>
			<Target title="Debug">
				<Option output="bin\P@cM@n" prefix_auto="1" extension_auto="1" />
				<Option working_dir="bin\" />
				<Option object_output="obj\Debug\" />
				<Option type="1" />
				<Option compiler="gcc" />
				<Compiler>
					<Add option="-g" />
				</Compiler>
			</Target>
			<Target title="Release">
				<Option output="bin\P@cM@n" prefix_auto="1" extension_auto="1" />
				<Option working_dir="bin\" />
				<Option object_output="obj\Release\" />
				<Option type="0" />
				<Option compiler="gcc" />
				<Compiler>
					<Add option="-O2" />
				</Compiler>
				<Linker>
					<Add option="-s" />
				</Linker>
			</Target>
		</Build>
		<Compiler>
			<Add option="-Wall" />
		</Compiler>
		<Linker>
			<Add library="opengl32" />
			<Add library="glu32" />
			<Add library="gdi32" />
			<Add library="al\OpenAL32.lib" />
		</Linker>
		<Unit filename="al\alutBufferData.c">
			<Option compilerVar="CC" />
			<Option virtualFolder="Libraries\openAL\" />
		</Unit>
		<Unit filename="al\alutCodec.c">
			<Option compilerVar="CC" />
			<Option virtualFolder="Libraries\openAL\" />
		</Unit>
		<Unit filename="al\alutError.c">
			<Option compilerVar="CC" />
			<Option virtualFolder="Libraries\openAL\" />
		</Unit>
		<Unit filename="al\alutInit.c">
			<Option compilerVar="CC" />
			<Option virtualFolder="Libraries\openAL\" />
		</Unit>
		<Unit filename="al\alutInputStream.c">
			<Option compilerVar="CC" />
			<Option virtualFolder="Libraries\openAL\" />
		</Unit>
		<Unit filename="al\alutLoader.c">
			<Option compilerVar="CC" />
			<Option virtualFolder="Libraries\openAL\" />
		</Unit>
		<Unit filename="al\alutOutputStream.c">
			<Option compilerVar="CC" />
			<Option virtualFolder="Libraries\openAL\" />
		</Unit>
		<Unit filename="al\alutUtil.c">
			<Option compilerVar="CC" />
			<Option virtualFolder="Libraries\openAL\" />
		</Unit>
		<Unit filename="al\alutVersion.c">
			<Option compilerVar="CC" />
			<Option virtualFolder="Libraries\openAL\" />
		</Unit>
		<Unit filename="const.h" />
		<Unit filename="g_main.c">
			<Option compilerVar="CC" />
			<Option virtualFolder="Game\" />
		</Unit>
		<Unit filename="g_main.h" />
		<Unit filename="l_module.c">
			<Option compilerVar="CC" />
			<Option virtualFolder="Libraries\" />
		</Unit>
		<Unit filename="l_module.h" />
		<Unit filename="l_openAL.c">
			<Option compilerVar="CC" />
			<Option virtualFolder="Libraries\" />
		</Unit>
		<Unit filename="l_openGL.c">
			<Option compilerVar="CC" />
			<Option virtualFolder="Libraries\" />
		</Unit>
		<Unit filename="win_main.c">
			<Option compilerVar="CC" />
		</Unit>
		<Extensions>
			<code_completion />
			<envvars />
			<debugger />
			<DoxyBlocks>
				<comment_style block="0" line="0" />
				<doxyfile_project />
				<doxyfile_build />
				<doxyfile_warnings />
				<doxyfile_output />
				<doxyfile_dot />
				<general />
			</DoxyBlocks>
		</Extensions>
	</Project>
</CodeBlocks_project_file>
