<?xml version="1.0" encoding="UTF-8" standalone="yes" ?>
<CodeBlocks_project_file>
	<FileVersion major="1" minor="6" />
	<Project>
		<Option title="PacManClone" />
		<Option pch_mode="2" />
		<Option compiler="gcc" />
		<Option virtualFolders="makingof\;" />
		<Build>
			<Target title="Debug">
				<Option output="bin\P@cM@n" prefix_auto="1" extension_auto="1" />
				<Option working_dir="bin\" />
				<Option object_output="obj\Debug\" />
				<Option type="1" />
				<Option compiler="gcc" />
				<Compiler>
					<Add option="-g" />
				</Compiler>
			</Target>
			<Target title="Release">
				<Option output="bin\P@cM@n" prefix_auto="1" extension_auto="1" />
				<Option working_dir="bin\" />
				<Option object_output="obj\Release\" />
				<Option type="0" />
				<Option compiler="gcc" />
				<Compiler>
					<Add option="-O2" />
				</Compiler>
				<Linker>
					<Add option="-s" />
				</Linker>
			</Target>
		</Build>
		<Compiler>
			<Add option="-Wall" />
			<Add option="-DCODEBLOCKS" />
			<Add directory="." />
			<Add directory="lib" />
			<Add directory="lib\al" />
		</Compiler>
		<Linker>
			<Add library="opengl32" />
			<Add library="glu32" />
			<Add library="gdi32" />
			<Add library="lib\al\OpenAL32.lib" />
		</Linker>
		<Unit filename="const.h" />
		<Unit filename="g_main.1.c">
			<Option compilerVar="CC" />
			<Option link="0" />
			<Option virtualFolder="makingof\" />
		</Unit>
		<Unit filename="g_main.2.c">
			<Option compilerVar="CC" />
			<Option link="0" />
			<Option virtualFolder="makingof\" />
		</Unit>
		<Unit filename="g_main.2.h">
			<Option virtualFolder="makingof\" />
		</Unit>
		<Unit filename="g_main.3.c">
			<Option compilerVar="CC" />
			<Option link="0" />
			<Option virtualFolder="makingof\" />
		</Unit>
		<Unit filename="g_main.3.h">
			<Option virtualFolder="makingof\" />
		</Unit>
		<Unit filename="g_main.4.c">
			<Option compilerVar="CC" />
			<Option link="0" />
			<Option virtualFolder="makingof\" />
		</Unit>
		<Unit filename="g_main.4.h">
			<Option virtualFolder="makingof\" />
		</Unit>
		<Unit filename="g_main.5.c">
			<Option compilerVar="CC" />
			<Option link="0" />
			<Option virtualFolder="makingof\" />
		</Unit>
		<Unit filename="g_main.5.h">
			<Option virtualFolder="makingof\" />
		</Unit>
		<Unit filename="g_main.6.c">
			<Option compilerVar="CC" />
			<Option link="0" />
			<Option virtualFolder="makingof\" />
		</Unit>
		<Unit filename="g_main.6.h">
			<Option virtualFolder="makingof\" />
		</Unit>
		<Unit filename="g_main.7.c">
			<Option compilerVar="CC" />
			<Option link="0" />
			<Option virtualFolder="makingof\" />
		</Unit>
		<Unit filename="g_main.7.h">
			<Option virtualFolder="makingof\" />
		</Unit>
		<Unit filename="g_main.8.c">
			<Option compilerVar="CC" />
			<Option link="0" />
			<Option virtualFolder="makingof\" />
		</Unit>
		<Unit filename="g_main.8.h">
			<Option virtualFolder="makingof\" />
		</Unit>
		<Unit filename="g_main.9.c">
			<Option compilerVar="CC" />
			<Option link="0" />
			<Option virtualFolder="makingof\" />
		</Unit>
		<Unit filename="g_main.9.h">
			<Option virtualFolder="makingof\" />
		</Unit>
		<Unit filename="g_main.c">
			<Option compilerVar="CC" />
			<Option link="0" />
		</Unit>
		<Unit filename="g_main.h" />
		<Unit filename="l_module.h" />
		<Unit filename="lib\al\alutBufferData.c">
			<Option compilerVar="CC" />
		</Unit>
		<Unit filename="lib\al\alutCodec.c">
			<Option compilerVar="CC" />
		</Unit>
		<Unit filename="lib\al\alutError.c">
			<Option compilerVar="CC" />
		</Unit>
		<Unit filename="lib\al\alutInit.c">
			<Option compilerVar="CC" />
		</Unit>
		<Unit filename="lib\al\alutInputStream.c">
			<Option compilerVar="CC" />
		</Unit>
		<Unit filename="lib\al\alutLoader.c">
			<Option compilerVar="CC" />
		</Unit>
		<Unit filename="lib\al\alutOutputStream.c">
			<Option compilerVar="CC" />
		</Unit>
		<Unit filename="lib\al\alutUtil.c">
			<Option compilerVar="CC" />
		</Unit>
		<Unit filename="lib\al\alutVersion.c">
			<Option compilerVar="CC" />
		</Unit>
		<Unit filename="lib\l_module.c">
			<Option compilerVar="CC" />
		</Unit>
		<Unit filename="lib\l_module.h" />
		<Unit filename="lib\l_openAL.c">
			<Option compilerVar="CC" />
		</Unit>
		<Unit filename="lib\l_openGL.c">
			<Option compilerVar="CC" />
		</Unit>
		<Unit filename="main.c">
			<Option compilerVar="CC" />
		</Unit>
		<Unit filename="os\win\win_main.c">
			<Option compilerVar="CC" />
		</Unit>
		<Extensions>
			<code_completion />
			<envvars />
			<debugger />
			<DoxyBlocks>
				<comment_style block="0" line="0" />
				<doxyfile_project />
				<doxyfile_build />
				<doxyfile_warnings />
				<doxyfile_output />
				<doxyfile_dot />
				<general />
			</DoxyBlocks>
		</Extensions>
	</Project>
</CodeBlocks_project_file>
